// !$*UTF8*$!
{
	archiveVersion = 1;
	classes = {
	};
	objectVersion = 56;
	objects = {

/* Begin PBXBuildFile section */
		FA1C7B1A2BA83514008461C0 /* Africa_MapApp.swift in Sources */ = {isa = PBXBuildFile; fileRef = FA1C7B192BA83514008461C0 /* Africa_MapApp.swift */; };
		FA1C7B1C2BA83514008461C0 /* ContentView.swift in Sources */ = {isa = PBXBuildFile; fileRef = FA1C7B1B2BA83514008461C0 /* ContentView.swift */; };
		FA1C7B1E2BA83514008461C0 /* Assets.xcassets in Resources */ = {isa = PBXBuildFile; fileRef = FA1C7B1D2BA83514008461C0 /* Assets.xcassets */; };
		FA1C7B212BA83514008461C0 /* Preview Assets.xcassets in Resources */ = {isa = PBXBuildFile; fileRef = FA1C7B202BA83514008461C0 /* Preview Assets.xcassets */; };
		FA1C7B322BA85925008461C0 /* elephant.mp4 in Resources */ = {isa = PBXBuildFile; fileRef = FA1C7B282BA85924008461C0 /* elephant.mp4 */; };
		FA1C7B332BA85925008461C0 /* hippo.mp4 in Resources */ = {isa = PBXBuildFile; fileRef = FA1C7B292BA85924008461C0 /* hippo.mp4 */; };
		FA1C7B342BA85925008461C0 /* giraffe.mp4 in Resources */ = {isa = PBXBuildFile; fileRef = FA1C7B2A2BA85924008461C0 /* giraffe.mp4 */; };
		FA1C7B352BA85925008461C0 /* ostrich.mp4 in Resources */ = {isa = PBXBuildFile; fileRef = FA1C7B2B2BA85924008461C0 /* ostrich.mp4 */; };
		FA1C7B362BA85925008461C0 /* cheetah.mp4 in Resources */ = {isa = PBXBuildFile; fileRef = FA1C7B2C2BA85924008461C0 /* cheetah.mp4 */; };
		FA1C7B372BA85925008461C0 /* rhino.mp4 in Resources */ = {isa = PBXBuildFile; fileRef = FA1C7B2D2BA85925008461C0 /* rhino.mp4 */; };
		FA1C7B382BA85925008461C0 /* zebra.mp4 in Resources */ = {isa = PBXBuildFile; fileRef = FA1C7B2E2BA85925008461C0 /* zebra.mp4 */; };
		FA1C7B392BA85925008461C0 /* lioness.mp4 in Resources */ = {isa = PBXBuildFile; fileRef = FA1C7B2F2BA85925008461C0 /* lioness.mp4 */; };
		FA1C7B3A2BA85925008461C0 /* gorilla.mp4 in Resources */ = {isa = PBXBuildFile; fileRef = FA1C7B302BA85925008461C0 /* gorilla.mp4 */; };
		FA1C7B3B2BA85925008461C0 /* lion.mp4 in Resources */ = {isa = PBXBuildFile; fileRef = FA1C7B312BA85925008461C0 /* lion.mp4 */; };
		FA1C7B412BA859D9008461C0 /* animals.json in Resources */ = {isa = PBXBuildFile; fileRef = FA1C7B3D2BA859D9008461C0 /* animals.json */; };
		FA1C7B422BA859D9008461C0 /* covers.json in Resources */ = {isa = PBXBuildFile; fileRef = FA1C7B3E2BA859D9008461C0 /* covers.json */; };
		FA1C7B432BA859D9008461C0 /* videos.json in Resources */ = {isa = PBXBuildFile; fileRef = FA1C7B3F2BA859D9008461C0 /* videos.json */; };
		FA1C7B442BA859D9008461C0 /* locations.json in Resources */ = {isa = PBXBuildFile; fileRef = FA1C7B402BA859D9008461C0 /* locations.json */; };
		FA1C7B482BA85E72008461C0 /* VideoListView.swift in Sources */ = {isa = PBXBuildFile; fileRef = FA1C7B472BA85E72008461C0 /* VideoListView.swift */; };
		FA1C7B4A2BA85E9D008461C0 /* MapView.swift in Sources */ = {isa = PBXBuildFile; fileRef = FA1C7B492BA85E9D008461C0 /* MapView.swift */; };
		FA1C7B4C2BA85ED5008461C0 /* GalleryView.swift in Sources */ = {isa = PBXBuildFile; fileRef = FA1C7B4B2BA85ED5008461C0 /* GalleryView.swift */; };
		FA1C7B4E2BA85EEC008461C0 /* MainView.swift in Sources */ = {isa = PBXBuildFile; fileRef = FA1C7B4D2BA85EEC008461C0 /* MainView.swift */; };
		FA3841C52BA9882500389D81 /* CoverImageView.swift in Sources */ = {isa = PBXBuildFile; fileRef = FA3841C42BA9882500389D81 /* CoverImageView.swift */; };
		FA3841C82BA98B4600389D81 /* CoverImageModel.swift in Sources */ = {isa = PBXBuildFile; fileRef = FA3841C72BA98B4600389D81 /* CoverImageModel.swift */; };
		FA3841CB2BA98D4300389D81 /* CodableBundleExtension.swift in Sources */ = {isa = PBXBuildFile; fileRef = FA3841CA2BA98D4300389D81 /* CodableBundleExtension.swift */; };
		FA3841CD2BA9992C00389D81 /* AnimalListView.swift in Sources */ = {isa = PBXBuildFile; fileRef = FA3841CC2BA9992C00389D81 /* AnimalListView.swift */; };
		FA3841CF2BA99C4E00389D81 /* AnimalModel.swift in Sources */ = {isa = PBXBuildFile; fileRef = FA3841CE2BA99C4E00389D81 /* AnimalModel.swift */; };
/* End PBXBuildFile section */

/* Begin PBXFileReference section */
		FA1C7B162BA83514008461C0 /* Africa Map.app */ = {isa = PBXFileReference; explicitFileType = wrapper.application; includeInIndex = 0; path = "Africa Map.app"; sourceTree = BUILT_PRODUCTS_DIR; };
		FA1C7B192BA83514008461C0 /* Africa_MapApp.swift */ = {isa = PBXFileReference; lastKnownFileType = sourcecode.swift; path = Africa_MapApp.swift; sourceTree = "<group>"; };
		FA1C7B1B2BA83514008461C0 /* ContentView.swift */ = {isa = PBXFileReference; lastKnownFileType = sourcecode.swift; path = ContentView.swift; sourceTree = "<group>"; };
		FA1C7B1D2BA83514008461C0 /* Assets.xcassets */ = {isa = PBXFileReference; lastKnownFileType = folder.assetcatalog; path = Assets.xcassets; sourceTree = "<group>"; };
		FA1C7B202BA83514008461C0 /* Preview Assets.xcassets */ = {isa = PBXFileReference; lastKnownFileType = folder.assetcatalog; path = "Preview Assets.xcassets"; sourceTree = "<group>"; };
		FA1C7B282BA85924008461C0 /* elephant.mp4 */ = {isa = PBXFileReference; lastKnownFileType = file; path = elephant.mp4; sourceTree = "<group>"; };
		FA1C7B292BA85924008461C0 /* hippo.mp4 */ = {isa = PBXFileReference; lastKnownFileType = file; path = hippo.mp4; sourceTree = "<group>"; };
		FA1C7B2A2BA85924008461C0 /* giraffe.mp4 */ = {isa = PBXFileReference; lastKnownFileType = file; path = giraffe.mp4; sourceTree = "<group>"; };
		FA1C7B2B2BA85924008461C0 /* ostrich.mp4 */ = {isa = PBXFileReference; lastKnownFileType = file; path = ostrich.mp4; sourceTree = "<group>"; };
		FA1C7B2C2BA85924008461C0 /* cheetah.mp4 */ = {isa = PBXFileReference; lastKnownFileType = file; path = cheetah.mp4; sourceTree = "<group>"; };
		FA1C7B2D2BA85925008461C0 /* rhino.mp4 */ = {isa = PBXFileReference; lastKnownFileType = file; path = rhino.mp4; sourceTree = "<group>"; };
		FA1C7B2E2BA85925008461C0 /* zebra.mp4 */ = {isa = PBXFileReference; lastKnownFileType = file; path = zebra.mp4; sourceTree = "<group>"; };
		FA1C7B2F2BA85925008461C0 /* lioness.mp4 */ = {isa = PBXFileReference; lastKnownFileType = file; path = lioness.mp4; sourceTree = "<group>"; };
		FA1C7B302BA85925008461C0 /* gorilla.mp4 */ = {isa = PBXFileReference; lastKnownFileType = file; path = gorilla.mp4; sourceTree = "<group>"; };
		FA1C7B312BA85925008461C0 /* lion.mp4 */ = {isa = PBXFileReference; lastKnownFileType = file; path = lion.mp4; sourceTree = "<group>"; };
		FA1C7B3D2BA859D9008461C0 /* animals.json */ = {isa = PBXFileReference; fileEncoding = 4; lastKnownFileType = text.json; path = animals.json; sourceTree = "<group>"; };
		FA1C7B3E2BA859D9008461C0 /* covers.json */ = {isa = PBXFileReference; fileEncoding = 4; lastKnownFileType = text.json; path = covers.json; sourceTree = "<group>"; };
		FA1C7B3F2BA859D9008461C0 /* videos.json */ = {isa = PBXFileReference; fileEncoding = 4; lastKnownFileType = text.json; path = videos.json; sourceTree = "<group>"; };
		FA1C7B402BA859D9008461C0 /* locations.json */ = {isa = PBXFileReference; fileEncoding = 4; lastKnownFileType = text.json; path = locations.json; sourceTree = "<group>"; };
		FA1C7B452BA85BDD008461C0 /* Africa-Map-Info.plist */ = {isa = PBXFileReference; lastKnownFileType = text.plist; path = "Africa-Map-Info.plist"; sourceTree = SOURCE_ROOT; };
		FA1C7B472BA85E72008461C0 /* VideoListView.swift */ = {isa = PBXFileReference; lastKnownFileType = sourcecode.swift; path = VideoListView.swift; sourceTree = "<group>"; };
		FA1C7B492BA85E9D008461C0 /* MapView.swift */ = {isa = PBXFileReference; lastKnownFileType = sourcecode.swift; path = MapView.swift; sourceTree = "<group>"; };
		FA1C7B4B2BA85ED5008461C0 /* GalleryView.swift */ = {isa = PBXFileReference; lastKnownFileType = sourcecode.swift; path = GalleryView.swift; sourceTree = "<group>"; };
		FA1C7B4D2BA85EEC008461C0 /* MainView.swift */ = {isa = PBXFileReference; lastKnownFileType = sourcecode.swift; path = MainView.swift; sourceTree = "<group>"; };
		FA3841C42BA9882500389D81 /* CoverImageView.swift */ = {isa = PBXFileReference; lastKnownFileType = sourcecode.swift; path = CoverImageView.swift; sourceTree = "<group>"; };
		FA3841C72BA98B4600389D81 /* CoverImageModel.swift */ = {isa = PBXFileReference; lastKnownFileType = sourcecode.swift; path = CoverImageModel.swift; sourceTree = "<group>"; };
		FA3841CA2BA98D4300389D81 /* CodableBundleExtension.swift */ = {isa = PBXFileReference; lastKnownFileType = sourcecode.swift; path = CodableBundleExtension.swift; sourceTree = "<group>"; };
		FA3841CC2BA9992C00389D81 /* AnimalListView.swift */ = {isa = PBXFileReference; lastKnownFileType = sourcecode.swift; path = AnimalListView.swift; sourceTree = "<group>"; };
		FA3841CE2BA99C4E00389D81 /* AnimalModel.swift */ = {isa = PBXFileReference; lastKnownFileType = sourcecode.swift; path = AnimalModel.swift; sourceTree = "<group>"; };
/* End PBXFileReference section */

/* Begin PBXFrameworksBuildPhase section */
		FA1C7B132BA83514008461C0 /* Frameworks */ = {
			isa = PBXFrameworksBuildPhase;
			buildActionMask = 2147483647;
			files = (
			);
			runOnlyForDeploymentPostprocessing = 0;
		};
/* End PBXFrameworksBuildPhase section */

/* Begin PBXGroup section */
		FA1C7B0D2BA83514008461C0 = {
			isa = PBXGroup;
			children = (
				FA1C7B182BA83514008461C0 /* Africa Map */,
				FA1C7B172BA83514008461C0 /* Products */,
			);
			sourceTree = "<group>";
		};
		FA1C7B172BA83514008461C0 /* Products */ = {
			isa = PBXGroup;
			children = (
				FA1C7B162BA83514008461C0 /* Africa Map.app */,
			);
			name = Products;
			sourceTree = "<group>";
		};
		FA1C7B182BA83514008461C0 /* Africa Map */ = {
			isa = PBXGroup;
			children = (
				FA3841C92BA98D0F00389D81 /* Extension */,
				FA3841C62BA98B2C00389D81 /* Model */,
				FA3841C32BA987FC00389D81 /* View */,
				FA1C7B452BA85BDD008461C0 /* Africa-Map-Info.plist */,
				FA1C7B3C2BA859CB008461C0 /* Data */,
				FA1C7B272BA8590C008461C0 /* Video */,
				FA1C7B462BA85CF4008461C0 /* App */,
				FA1C7B1D2BA83514008461C0 /* Assets.xcassets */,
				FA1C7B1F2BA83514008461C0 /* Preview Content */,
			);
			path = "Africa Map";
			sourceTree = "<group>";
		};
		FA1C7B1F2BA83514008461C0 /* Preview Content */ = {
			isa = PBXGroup;
			children = (
				FA1C7B202BA83514008461C0 /* Preview Assets.xcassets */,
			);
			path = "Preview Content";
			sourceTree = "<group>";
		};
		FA1C7B272BA8590C008461C0 /* Video */ = {
			isa = PBXGroup;
			children = (
				FA1C7B2C2BA85924008461C0 /* cheetah.mp4 */,
				FA1C7B282BA85924008461C0 /* elephant.mp4 */,
				FA1C7B2A2BA85924008461C0 /* giraffe.mp4 */,
				FA1C7B302BA85925008461C0 /* gorilla.mp4 */,
				FA1C7B292BA85924008461C0 /* hippo.mp4 */,
				FA1C7B312BA85925008461C0 /* lion.mp4 */,
				FA1C7B2F2BA85925008461C0 /* lioness.mp4 */,
				FA1C7B2B2BA85924008461C0 /* ostrich.mp4 */,
				FA1C7B2D2BA85925008461C0 /* rhino.mp4 */,
				FA1C7B2E2BA85925008461C0 /* zebra.mp4 */,
			);
			path = Video;
			sourceTree = "<group>";
		};
		FA1C7B3C2BA859CB008461C0 /* Data */ = {
			isa = PBXGroup;
			children = (
				FA1C7B3D2BA859D9008461C0 /* animals.json */,
				FA1C7B3E2BA859D9008461C0 /* covers.json */,
				FA1C7B402BA859D9008461C0 /* locations.json */,
				FA1C7B3F2BA859D9008461C0 /* videos.json */,
			);
			path = Data;
			sourceTree = "<group>";
		};
		FA1C7B462BA85CF4008461C0 /* App */ = {
			isa = PBXGroup;
			children = (
				FA1C7B192BA83514008461C0 /* Africa_MapApp.swift */,
				FA1C7B1B2BA83514008461C0 /* ContentView.swift */,
				FA1C7B472BA85E72008461C0 /* VideoListView.swift */,
				FA1C7B492BA85E9D008461C0 /* MapView.swift */,
				FA1C7B4B2BA85ED5008461C0 /* GalleryView.swift */,
				FA1C7B4D2BA85EEC008461C0 /* MainView.swift */,
			);
			path = App;
			sourceTree = "<group>";
		};
		FA3841C32BA987FC00389D81 /* View */ = {
			isa = PBXGroup;
			children = (
				FA3841C42BA9882500389D81 /* CoverImageView.swift */,
				FA3841CC2BA9992C00389D81 /* AnimalListView.swift */,
			);
			path = View;
			sourceTree = "<group>";
		};
		FA3841C62BA98B2C00389D81 /* Model */ = {
			isa = PBXGroup;
			children = (
				FA3841C72BA98B4600389D81 /* CoverImageModel.swift */,
				FA3841CE2BA99C4E00389D81 /* AnimalModel.swift */,
			);
			path = Model;
			sourceTree = "<group>";
		};
		FA3841C92BA98D0F00389D81 /* Extension */ = {
			isa = PBXGroup;
			children = (
				FA3841CA2BA98D4300389D81 /* CodableBundleExtension.swift */,
			);
			path = Extension;
			sourceTree = "<group>";
		};
/* End PBXGroup section */

/* Begin PBXNativeTarget section */
		FA1C7B152BA83514008461C0 /* Africa Map */ = {
			isa = PBXNativeTarget;
			buildConfigurationList = FA1C7B242BA83514008461C0 /* Build configuration list for PBXNativeTarget "Africa Map" */;
			buildPhases = (
				FA1C7B122BA83514008461C0 /* Sources */,
				FA1C7B132BA83514008461C0 /* Frameworks */,
				FA1C7B142BA83514008461C0 /* Resources */,
			);
			buildRules = (
			);
			dependencies = (
			);
			name = "Africa Map";
			productName = "Africa Map";
			productReference = FA1C7B162BA83514008461C0 /* Africa Map.app */;
			productType = "com.apple.product-type.application";
		};
/* End PBXNativeTarget section */

/* Begin PBXProject section */
		FA1C7B0E2BA83514008461C0 /* Project object */ = {
			isa = PBXProject;
			attributes = {
				BuildIndependentTargetsInParallel = 1;
				LastSwiftUpdateCheck = 1510;
				LastUpgradeCheck = 1510;
				TargetAttributes = {
					FA1C7B152BA83514008461C0 = {
						CreatedOnToolsVersion = 15.1;
					};
				};
			};
			buildConfigurationList = FA1C7B112BA83514008461C0 /* Build configuration list for PBXProject "Africa Map" */;
			compatibilityVersion = "Xcode 14.0";
			developmentRegion = en;
			hasScannedForEncodings = 0;
			knownRegions = (
				en,
				Base,
			);
			mainGroup = FA1C7B0D2BA83514008461C0;
			productRefGroup = FA1C7B172BA83514008461C0 /* Products */;
			projectDirPath = "";
			projectRoot = "";
			targets = (
				FA1C7B152BA83514008461C0 /* Africa Map */,
			);
		};
/* End PBXProject section */

/* Begin PBXResourcesBuildPhase section */
		FA1C7B142BA83514008461C0 /* Resources */ = {
			isa = PBXResourcesBuildPhase;
			buildActionMask = 2147483647;
			files = (
				FA1C7B372BA85925008461C0 /* rhino.mp4 in Resources */,
				FA1C7B3B2BA85925008461C0 /* lion.mp4 in Resources */,
				FA1C7B442BA859D9008461C0 /* locations.json in Resources */,
				FA1C7B432BA859D9008461C0 /* videos.json in Resources */,
				FA1C7B352BA85925008461C0 /* ostrich.mp4 in Resources */,
				FA1C7B332BA85925008461C0 /* hippo.mp4 in Resources */,
				FA1C7B212BA83514008461C0 /* Preview Assets.xcassets in Resources */,
				FA1C7B1E2BA83514008461C0 /* Assets.xcassets in Resources */,
				FA1C7B322BA85925008461C0 /* elephant.mp4 in Resources */,
				FA1C7B422BA859D9008461C0 /* covers.json in Resources */,
				FA1C7B412BA859D9008461C0 /* animals.json in Resources */,
				FA1C7B342BA85925008461C0 /* giraffe.mp4 in Resources */,
				FA1C7B392BA85925008461C0 /* lioness.mp4 in Resources */,
				FA1C7B382BA85925008461C0 /* zebra.mp4 in Resources */,
				FA1C7B362BA85925008461C0 /* cheetah.mp4 in Resources */,
				FA1C7B3A2BA85925008461C0 /* gorilla.mp4 in Resources */,
			);
			runOnlyForDeploymentPostprocessing = 0;
		};
/* End PBXResourcesBuildPhase section */

/* Begin PBXSourcesBuildPhase section */
		FA1C7B122BA83514008461C0 /* Sources */ = {
			isa = PBXSourcesBuildPhase;
			buildActionMask = 2147483647;
			files = (
				FA3841CD2BA9992C00389D81 /* AnimalListView.swift in Sources */,
				FA1C7B1C2BA83514008461C0 /* ContentView.swift in Sources */,
				FA1C7B4E2BA85EEC008461C0 /* MainView.swift in Sources */,
				FA3841C52BA9882500389D81 /* CoverImageView.swift in Sources */,
				FA3841C82BA98B4600389D81 /* CoverImageModel.swift in Sources */,
				FA3841CF2BA99C4E00389D81 /* AnimalModel.swift in Sources */,
				FA1C7B4A2BA85E9D008461C0 /* MapView.swift in Sources */,
				FA1C7B1A2BA83514008461C0 /* Africa_MapApp.swift in Sources */,
				FA1C7B482BA85E72008461C0 /* VideoListView.swift in Sources */,
				FA1C7B4C2BA85ED5008461C0 /* GalleryView.swift in Sources */,
				FA3841CB2BA98D4300389D81 /* CodableBundleExtension.swift in Sources */,
			);
			runOnlyForDeploymentPostprocessing = 0;
		};
/* End PBXSourcesBuildPhase section */

/* Begin XCBuildConfiguration section */
		FA1C7B222BA83514008461C0 /* Debug */ = {
			isa = XCBuildConfiguration;
			buildSettings = {
				ALWAYS_SEARCH_USER_PATHS = NO;
				ASSETCATALOG_COMPILER_GENERATE_SWIFT_ASSET_SYMBOL_EXTENSIONS = YES;
				CLANG_ANALYZER_NONNULL = YES;
				CLANG_ANALYZER_NUMBER_OBJECT_CONVERSION = YES_AGGRESSIVE;
				CLANG_CXX_LANGUAGE_STANDARD = "gnu++20";
				CLANG_ENABLE_MODULES = YES;
				CLANG_ENABLE_OBJC_ARC = YES;
				CLANG_ENABLE_OBJC_WEAK = YES;
				CLANG_WARN_BLOCK_CAPTURE_AUTORELEASING = YES;
				CLANG_WARN_BOOL_CONVERSION = YES;
				CLANG_WARN_COMMA = YES;
				CLANG_WARN_CONSTANT_CONVERSION = YES;
				CLANG_WARN_DEPRECATED_OBJC_IMPLEMENTATIONS = YES;
				CLANG_WARN_DIRECT_OBJC_ISA_USAGE = YES_ERROR;
				CLANG_WARN_DOCUMENTATION_COMMENTS = YES;
				CLANG_WARN_EMPTY_BODY = YES;
				CLANG_WARN_ENUM_CONVERSION = YES;
				CLANG_WARN_INFINITE_RECURSION = YES;
				CLANG_WARN_INT_CONVERSION = YES;
				CLANG_WARN_NON_LITERAL_NULL_CONVERSION = YES;
				CLANG_WARN_OBJC_IMPLICIT_RETAIN_SELF = YES;
				CLANG_WARN_OBJC_LITERAL_CONVERSION = YES;
				CLANG_WARN_OBJC_ROOT_CLASS = YES_ERROR;
				CLANG_WARN_QUOTED_INCLUDE_IN_FRAMEWORK_HEADER = YES;
				CLANG_WARN_RANGE_LOOP_ANALYSIS = YES;
				CLANG_WARN_STRICT_PROTOTYPES = YES;
				CLANG_WARN_SUSPICIOUS_MOVE = YES;
				CLANG_WARN_UNGUARDED_AVAILABILITY = YES_AGGRESSIVE;
				CLANG_WARN_UNREACHABLE_CODE = YES;
				CLANG_WARN__DUPLICATE_METHOD_MATCH = YES;
				COPY_PHASE_STRIP = NO;
				DEBUG_INFORMATION_FORMAT = dwarf;
				ENABLE_STRICT_OBJC_MSGSEND = YES;
				ENABLE_TESTABILITY = YES;
				ENABLE_USER_SCRIPT_SANDBOXING = YES;
				GCC_C_LANGUAGE_STANDARD = gnu17;
				GCC_DYNAMIC_NO_PIC = NO;
				GCC_NO_COMMON_BLOCKS = YES;
				GCC_OPTIMIZATION_LEVEL = 0;
				GCC_PREPROCESSOR_DEFINITIONS = (
					"DEBUG=1",
					"$(inherited)",
				);
				GCC_WARN_64_TO_32_BIT_CONVERSION = YES;
				GCC_WARN_ABOUT_RETURN_TYPE = YES_ERROR;
				GCC_WARN_UNDECLARED_SELECTOR = YES;
				GCC_WARN_UNINITIALIZED_AUTOS = YES_AGGRESSIVE;
				GCC_WARN_UNUSED_FUNCTION = YES;
				GCC_WARN_UNUSED_VARIABLE = YES;
				IPHONEOS_DEPLOYMENT_TARGET = 17.2;
				LOCALIZATION_PREFERS_STRING_CATALOGS = YES;
				MTL_ENABLE_DEBUG_INFO = INCLUDE_SOURCE;
				MTL_FAST_MATH = YES;
				ONLY_ACTIVE_ARCH = YES;
				SDKROOT = iphoneos;
				SWIFT_ACTIVE_COMPILATION_CONDITIONS = "DEBUG $(inherited)";
				SWIFT_OPTIMIZATION_LEVEL = "-Onone";
			};
			name = Debug;
		};
		FA1C7B232BA83514008461C0 /* Release */ = {
			isa = XCBuildConfiguration;
			buildSettings = {
				ALWAYS_SEARCH_USER_PATHS = NO;
				ASSETCATALOG_COMPILER_GENERATE_SWIFT_ASSET_SYMBOL_EXTENSIONS = YES;
				CLANG_ANALYZER_NONNULL = YES;
				CLANG_ANALYZER_NUMBER_OBJECT_CONVERSION = YES_AGGRESSIVE;
				CLANG_CXX_LANGUAGE_STANDARD = "gnu++20";
				CLANG_ENABLE_MODULES = YES;
				CLANG_ENABLE_OBJC_ARC = YES;
				CLANG_ENABLE_OBJC_WEAK = YES;
				CLANG_WARN_BLOCK_CAPTURE_AUTORELEASING = YES;
				CLANG_WARN_BOOL_CONVERSION = YES;
				CLANG_WARN_COMMA = YES;
				CLANG_WARN_CONSTANT_CONVERSION = YES;
				CLANG_WARN_DEPRECATED_OBJC_IMPLEMENTATIONS = YES;
				CLANG_WARN_DIRECT_OBJC_ISA_USAGE = YES_ERROR;
				CLANG_WARN_DOCUMENTATION_COMMENTS = YES;
				CLANG_WARN_EMPTY_BODY = YES;
				CLANG_WARN_ENUM_CONVERSION = YES;
				CLANG_WARN_INFINITE_RECURSION = YES;
				CLANG_WARN_INT_CONVERSION = YES;
				CLANG_WARN_NON_LITERAL_NULL_CONVERSION = YES;
				CLANG_WARN_OBJC_IMPLICIT_RETAIN_SELF = YES;
				CLANG_WARN_OBJC_LITERAL_CONVERSION = YES;
				CLANG_WARN_OBJC_ROOT_CLASS = YES_ERROR;
				CLANG_WARN_QUOTED_INCLUDE_IN_FRAMEWORK_HEADER = YES;
				CLANG_WARN_RANGE_LOOP_ANALYSIS = YES;
				CLANG_WARN_STRICT_PROTOTYPES = YES;
				CLANG_WARN_SUSPICIOUS_MOVE = YES;
				CLANG_WARN_UNGUARDED_AVAILABILITY = YES_AGGRESSIVE;
				CLANG_WARN_UNREACHABLE_CODE = YES;
				CLANG_WARN__DUPLICATE_METHOD_MATCH = YES;
				COPY_PHASE_STRIP = NO;
				DEBUG_INFORMATION_FORMAT = "dwarf-with-dsym";
				ENABLE_NS_ASSERTIONS = NO;
				ENABLE_STRICT_OBJC_MSGSEND = YES;
				ENABLE_USER_SCRIPT_SANDBOXING = YES;
				GCC_C_LANGUAGE_STANDARD = gnu17;
				GCC_NO_COMMON_BLOCKS = YES;
				GCC_WARN_64_TO_32_BIT_CONVERSION = YES;
				GCC_WARN_ABOUT_RETURN_TYPE = YES_ERROR;
				GCC_WARN_UNDECLARED_SELECTOR = YES;
				GCC_WARN_UNINITIALIZED_AUTOS = YES_AGGRESSIVE;
				GCC_WARN_UNUSED_FUNCTION = YES;
				GCC_WARN_UNUSED_VARIABLE = YES;
				IPHONEOS_DEPLOYMENT_TARGET = 17.2;
				LOCALIZATION_PREFERS_STRING_CATALOGS = YES;
				MTL_ENABLE_DEBUG_INFO = NO;
				MTL_FAST_MATH = YES;
				SDKROOT = iphoneos;
				SWIFT_COMPILATION_MODE = wholemodule;
				VALIDATE_PRODUCT = YES;
			};
			name = Release;
		};
		FA1C7B252BA83514008461C0 /* Debug */ = {
			isa = XCBuildConfiguration;
			buildSettings = {
				ASSETCATALOG_COMPILER_APPICON_NAME = AppIcon;
				ASSETCATALOG_COMPILER_GLOBAL_ACCENT_COLOR_NAME = AccentColor;
				CODE_SIGN_STYLE = Automatic;
				CURRENT_PROJECT_VERSION = 1;
				DEVELOPMENT_ASSET_PATHS = "\"Africa Map/Preview Content\"";
				DEVELOPMENT_TEAM = PU22GG69GD;
				ENABLE_PREVIEWS = YES;
				GENERATE_INFOPLIST_FILE = YES;
				INFOPLIST_FILE = "Africa-Map-Info.plist";
				INFOPLIST_KEY_UIApplicationSceneManifest_Generation = YES;
				INFOPLIST_KEY_UIApplicationSupportsIndirectInputEvents = YES;
				INFOPLIST_KEY_UISupportedInterfaceOrientations_iPad = "UIInterfaceOrientationPortrait UIInterfaceOrientationPortraitUpsideDown UIInterfaceOrientationLandscapeLeft UIInterfaceOrientationLandscapeRight";
				INFOPLIST_KEY_UISupportedInterfaceOrientations_iPhone = "UIInterfaceOrientationPortrait UIInterfaceOrientationLandscapeLeft UIInterfaceOrientationLandscapeRight";
				INFOPLIST_KEY_UIUserInterfaceStyle = Dark;
				LD_RUNPATH_SEARCH_PATHS = (
					"$(inherited)",
					"@executable_path/Frameworks",
				);
				MARKETING_VERSION = 1.0;
				PRODUCT_BUNDLE_IDENTIFIER = "Mad.Africa-Map";
				PRODUCT_NAME = "$(TARGET_NAME)";
				SWIFT_EMIT_LOC_STRINGS = YES;
				SWIFT_VERSION = 5.0;
				TARGETED_DEVICE_FAMILY = "1,2";
			};
			name = Debug;
		};
		FA1C7B262BA83514008461C0 /* Release */ = {
			isa = XCBuildConfiguration;
			buildSettings = {
				ASSETCATALOG_COMPILER_APPICON_NAME = AppIcon;
				ASSETCATALOG_COMPILER_GLOBAL_ACCENT_COLOR_NAME = AccentColor;
				CODE_SIGN_STYLE = Automatic;
				CURRENT_PROJECT_VERSION = 1;
				DEVELOPMENT_ASSET_PATHS = "\"Africa Map/Preview Content\"";
				DEVELOPMENT_TEAM = PU22GG69GD;
				ENABLE_PREVIEWS = YES;
				GENERATE_INFOPLIST_FILE = YES;
				INFOPLIST_FILE = "Africa-Map-Info.plist";
				INFOPLIST_KEY_UIApplicationSceneManifest_Generation = YES;
				INFOPLIST_KEY_UIApplicationSupportsIndirectInputEvents = YES;
				INFOPLIST_KEY_UISupportedInterfaceOrientations_iPad = "UIInterfaceOrientationPortrait UIInterfaceOrientationPortraitUpsideDown UIInterfaceOrientationLandscapeLeft UIInterfaceOrientationLandscapeRight";
				INFOPLIST_KEY_UISupportedInterfaceOrientations_iPhone = "UIInterfaceOrientationPortrait UIInterfaceOrientationLandscapeLeft UIInterfaceOrientationLandscapeRight";
				INFOPLIST_KEY_UIUserInterfaceStyle = Dark;
				LD_RUNPATH_SEARCH_PATHS = (
					"$(inherited)",
					"@executable_path/Frameworks",
				);
				MARKETING_VERSION = 1.0;
				PRODUCT_BUNDLE_IDENTIFIER = "Mad.Africa-Map";
				PRODUCT_NAME = "$(TARGET_NAME)";
				SWIFT_EMIT_LOC_STRINGS = YES;
				SWIFT_VERSION = 5.0;
				TARGETED_DEVICE_FAMILY = "1,2";
			};
			name = Release;
		};
/* End XCBuildConfiguration section */

/* Begin XCConfigurationList section */
		FA1C7B112BA83514008461C0 /* Build configuration list for PBXProject "Africa Map" */ = {
			isa = XCConfigurationList;
			buildConfigurations = (
				FA1C7B222BA83514008461C0 /* Debug */,
				FA1C7B232BA83514008461C0 /* Release */,
			);
			defaultConfigurationIsVisible = 0;
			defaultConfigurationName = Release;
		};
		FA1C7B242BA83514008461C0 /* Build configuration list for PBXNativeTarget "Africa Map" */ = {
			isa = XCConfigurationList;
			buildConfigurations = (
				FA1C7B252BA83514008461C0 /* Debug */,
				FA1C7B262BA83514008461C0 /* Release */,
			);
			defaultConfigurationIsVisible = 0;
			defaultConfigurationName = Release;
		};
/* End XCConfigurationList section */
	};
	rootObject = FA1C7B0E2BA83514008461C0 /* Project object */;
}
